
Microsoft Visual Studio Solution File, Format Version 12.00
# Visual Studio Version 17
VisualStudioVersion = 17.4.33213.308
MinimumVisualStudioVersion = 10.0.40219.1
Project("{FAE04EC0-301F-11D3-BF4B-00C04F79EFBC}") = "EssentualTools", "EssentualTools\EssentualTools.csproj", "{976B1F99-04C2-45B0-8C8F-5404B070F9A1}"
EndProject
Project("{FAE04EC0-301F-11D3-BF4B-00C04F79EFBC}") = "EssentialTool.Tests", "EssentialTool.Tests\EssentialTool.Tests.csproj", "{AF7A71BA-DB55-4CC8-9DFC-019C7E580F1E}"
EndProject
Global
	GlobalSection(SolutionConfigurationPlatforms) = preSolution
		Debug|Any CPU = Debug|Any CPU
		Release|Any CPU = Release|Any CPU
	EndGlobalSection
	GlobalSection(ProjectConfigurationPlatforms) = postSolution
		{976B1F99-04C2-45B0-8C8F-5404B070F9A1}.Debug|Any CPU.ActiveCfg = Debug|Any CPU
		{976B1F99-04C2-45B0-8C8F-5404B070F9A1}.Debug|Any CPU.Build.0 = Debug|Any CPU
		{976B1F99-04C2-45B0-8C8F-5404B070F9A1}.Release|Any CPU.ActiveCfg = Release|Any CPU
		{976B1F99-04C2-45B0-8C8F-5404B070F9A1}.Release|Any CPU.Build.0 = Release|Any CPU
		{AF7A71BA-DB55-4CC8-9DFC-019C7E580F1E}.Debug|Any CPU.ActiveCfg = Debug|Any CPU
		{AF7A71BA-DB55-4CC8-9DFC-019C7E580F1E}.Debug|Any CPU.Build.0 = Debug|Any CPU
		{AF7A71BA-DB55-4CC8-9DFC-019C7E580F1E}.Release|Any CPU.ActiveCfg = Release|Any CPU
		{AF7A71BA-DB55-4CC8-9DFC-019C7E580F1E}.Release|Any CPU.Build.0 = Release|Any CPU
	EndGlobalSection
	GlobalSection(SolutionProperties) = preSolution
		HideSolutionNode = FALSE
	EndGlobalSection
	GlobalSection(ExtensibilityGlobals) = postSolution
		SolutionGuid = {C8BA746F-4A31-4D5B-A51D-4C24FDDA9579}
	EndGlobalSection
EndGlobal
